// !$*UTF8*$!
{
	archiveVersion = 1;
	classes = {
	};
	objectVersion = 50;
	objects = {

/* Begin PBXBuildFile section */
		DC4C6D58249A43C0002FD20A /* AppDelegate.swift in Sources */ = {isa = PBXBuildFile; fileRef = DC4C6D57249A43C0002FD20A /* AppDelegate.swift */; };
		DC4C6D5A249A43C0002FD20A /* SceneDelegate.swift in Sources */ = {isa = PBXBuildFile; fileRef = DC4C6D59249A43C0002FD20A /* SceneDelegate.swift */; };
		DC4C6D5C249A43C0002FD20A /* ViewController.swift in Sources */ = {isa = PBXBuildFile; fileRef = DC4C6D5B249A43C0002FD20A /* ViewController.swift */; };
		DC4C6D5F249A43C0002FD20A /* Main.storyboard in Resources */ = {isa = PBXBuildFile; fileRef = DC4C6D5D249A43C0002FD20A /* Main.storyboard */; };
		DC4C6D61249A43C2002FD20A /* Assets.xcassets in Resources */ = {isa = PBXBuildFile; fileRef = DC4C6D60249A43C2002FD20A /* Assets.xcassets */; };
		DC4C6D64249A43C2002FD20A /* LaunchScreen.storyboard in Resources */ = {isa = PBXBuildFile; fileRef = DC4C6D62249A43C2002FD20A /* LaunchScreen.storyboard */; };
/* End PBXBuildFile section */

/* Begin PBXFileReference section */
		DC4C6D54249A43C0002FD20A /* Demo_QRCode_Scanner.app */ = {isa = PBXFileReference; explicitFileType = wrapper.application; includeInIndex = 0; path = Demo_QRCode_Scanner.app; sourceTree = BUILT_PRODUCTS_DIR; };
		DC4C6D57249A43C0002FD20A /* AppDelegate.swift */ = {isa = PBXFileReference; lastKnownFileType = sourcecode.swift; path = AppDelegate.swift; sourceTree = "<group>"; };
		DC4C6D59249A43C0002FD20A /* SceneDelegate.swift */ = {isa = PBXFileReference; lastKnownFileType = sourcecode.swift; path = SceneDelegate.swift; sourceTree = "<group>"; };
		DC4C6D5B249A43C0002FD20A /* ViewController.swift */ = {isa = PBXFileReference; lastKnownFileType = sourcecode.swift; path = ViewController.swift; sourceTree = "<group>"; };
		DC4C6D5E249A43C0002FD20A /* Base */ = {isa = PBXFileReference; lastKnownFileType = file.storyboard; name = Base; path = Base.lproj/Main.storyboard; sourceTree = "<group>"; };
		DC4C6D60249A43C2002FD20A /* Assets.xcassets */ = {isa = PBXFileReference; lastKnownFileType = folder.assetcatalog; path = Assets.xcassets; sourceTree = "<group>"; };
		DC4C6D63249A43C2002FD20A /* Base */ = {isa = PBXFileReference; lastKnownFileType = file.storyboard; name = Base; path = Base.lproj/LaunchScreen.storyboard; sourceTree = "<group>"; };
		DC4C6D65249A43C2002FD20A /* Info.plist */ = {isa = PBXFileReference; lastKnownFileType = text.plist.xml; path = Info.plist; sourceTree = "<group>"; };
/* End PBXFileReference section */

/* Begin PBXFrameworksBuildPhase section */
		DC4C6D51249A43C0002FD20A /* Frameworks */ = {
			isa = PBXFrameworksBuildPhase;
			buildActionMask = 2147483647;
			files = (
			);
			runOnlyForDeploymentPostprocessing = 0;
		};
/* End PBXFrameworksBuildPhase section */

/* Begin PBXGroup section */
		DC4C6D4B249A43C0002FD20A = {
			isa = PBXGroup;
			children = (
				DC4C6D56249A43C0002FD20A /* Demo_QRCode_Scanner */,
				DC4C6D55249A43C0002FD20A /* Products */,
			);
			sourceTree = "<group>";
		};
		DC4C6D55249A43C0002FD20A /* Products */ = {
			isa = PBXGroup;
			children = (
				DC4C6D54249A43C0002FD20A /* Demo_QRCode_Scanner.app */,
			);
			name = Products;
			sourceTree = "<group>";
		};
		DC4C6D56249A43C0002FD20A /* Demo_QRCode_Scanner */ = {
			isa = PBXGroup;
			children = (
				DC4C6D57249A43C0002FD20A /* AppDelegate.swift */,
				DC4C6D59249A43C0002FD20A /* SceneDelegate.swift */,
				DC4C6D5B249A43C0002FD20A /* ViewController.swift */,
				DC4C6D5D249A43C0002FD20A /* Main.storyboard */,
				DC4C6D60249A43C2002FD20A /* Assets.xcassets */,
				DC4C6D62249A43C2002FD20A /* LaunchScreen.storyboard */,
				DC4C6D65249A43C2002FD20A /* Info.plist */,
			);
			path = Demo_QRCode_Scanner;
			sourceTree = "<group>";
		};
/* End PBXGroup section */

/* Begin PBXNativeTarget section */
		DC4C6D53249A43C0002FD20A /* Demo_QRCode_Scanner */ = {
			isa = PBXNativeTarget;
			buildConfigurationList = DC4C6D68249A43C2002FD20A /* Build configuration list for PBXNativeTarget "Demo_QRCode_Scanner" */;
			buildPhases = (
				DC4C6D50249A43C0002FD20A /* Sources */,
				DC4C6D51249A43C0002FD20A /* Frameworks */,
				DC4C6D52249A43C0002FD20A /* Resources */,
			);
			buildRules = (
			);
			dependencies = (
			);
			name = Demo_QRCode_Scanner;
			productName = Demo_QRCode_Scanner;
			productReference = DC4C6D54249A43C0002FD20A /* Demo_QRCode_Scanner.app */;
			productType = "com.apple.product-type.application";
		};
/* End PBXNativeTarget section */

/* Begin PBXProject section */
		DC4C6D4C249A43C0002FD20A /* Project object */ = {
			isa = PBXProject;
			attributes = {
				LastSwiftUpdateCheck = 1130;
				LastUpgradeCheck = 1130;
				ORGANIZATIONNAME = saurabh;
				TargetAttributes = {
					DC4C6D53249A43C0002FD20A = {
						CreatedOnToolsVersion = 11.3.1;
					};
				};
			};
			buildConfigurationList = DC4C6D4F249A43C0002FD20A /* Build configuration list for PBXProject "Demo_QRCode_Scanner" */;
			compatibilityVersion = "Xcode 9.3";
			developmentRegion = en;
			hasScannedForEncodings = 0;
			knownRegions = (
				en,
				Base,
			);
			mainGroup = DC4C6D4B249A43C0002FD20A;
			productRefGroup = DC4C6D55249A43C0002FD20A /* Products */;
			projectDirPath = "";
			projectRoot = "";
			targets = (
				DC4C6D53249A43C0002FD20A /* Demo_QRCode_Scanner */,
			);
		};
/* End PBXProject section */

/* Begin PBXResourcesBuildPhase section */
		DC4C6D52249A43C0002FD20A /* Resources */ = {
			isa = PBXResourcesBuildPhase;
			buildActionMask = 2147483647;
			files = (
				DC4C6D64249A43C2002FD20A /* LaunchScreen.storyboard in Resources */,
				DC4C6D61249A43C2002FD20A /* Assets.xcassets in Resources */,
				DC4C6D5F249A43C0002FD20A /* Main.storyboard in Resources */,
			);
			runOnlyForDeploymentPostprocessing = 0;
		};
/* End PBXResourcesBuildPhase section */

/* Begin PBXSourcesBuildPhase section */
		DC4C6D50249A43C0002FD20A /* Sources */ = {
			isa = PBXSourcesBuildPhase;
			buildActionMask = 2147483647;
			files = (
				DC4C6D5C249A43C0002FD20A /* ViewController.swift in Sources */,
				DC4C6D58249A43C0002FD20A /* AppDelegate.swift in Sources */,
				DC4C6D5A249A43C0002FD20A /* SceneDelegate.swift in Sources */,
			);
			runOnlyForDeploymentPostprocessing = 0;
		};
/* End PBXSourcesBuildPhase section */

/* Begin PBXVariantGroup section */
		DC4C6D5D249A43C0002FD20A /* Main.storyboard */ = {
			isa = PBXVariantGroup;
			children = (
				DC4C6D5E249A43C0002FD20A /* Base */,
			);
			name = Main.storyboard;
			sourceTree = "<group>";
		};
		DC4C6D62249A43C2002FD20A /* LaunchScreen.storyboard */ = {
			isa = PBXVariantGroup;
			children = (
				DC4C6D63249A43C2002FD20A /* Base */,
			);
			name = LaunchScreen.storyboard;
			sourceTree = "<group>";
		};
/* End PBXVariantGroup section */

/* Begin XCBuildConfiguration section */
		DC4C6D66249A43C2002FD20A /* Debug */ = {
			isa = XCBuildConfiguration;
			buildSettings = {
				ALWAYS_SEARCH_USER_PATHS = NO;
				CLANG_ANALYZER_NONNULL = YES;
				CLANG_ANALYZER_NUMBER_OBJECT_CONVERSION = YES_AGGRESSIVE;
				CLANG_CXX_LANGUAGE_STANDARD = "gnu++14";
				CLANG_CXX_LIBRARY = "libc++";
				CLANG_ENABLE_MODULES = YES;
				CLANG_ENABLE_OBJC_ARC = YES;
				CLANG_ENABLE_OBJC_WEAK = YES;
				CLANG_WARN_BLOCK_CAPTURE_AUTORELEASING = YES;
				CLANG_WARN_BOOL_CONVERSION = YES;
				CLANG_WARN_COMMA = YES;
				CLANG_WARN_CONSTANT_CONVERSION = YES;
				CLANG_WARN_DEPRECATED_OBJC_IMPLEMENTATIONS = YES;
				CLANG_WARN_DIRECT_OBJC_ISA_USAGE = YES_ERROR;
				CLANG_WARN_DOCUMENTATION_COMMENTS = YES;
				CLANG_WARN_EMPTY_BODY = YES;
				CLANG_WARN_ENUM_CONVERSION = YES;
				CLANG_WARN_INFINITE_RECURSION = YES;
				CLANG_WARN_INT_CONVERSION = YES;
				CLANG_WARN_NON_LITERAL_NULL_CONVERSION = YES;
				CLANG_WARN_OBJC_IMPLICIT_RETAIN_SELF = YES;
				CLANG_WARN_OBJC_LITERAL_CONVERSION = YES;
				CLANG_WARN_OBJC_ROOT_CLASS = YES_ERROR;
				CLANG_WARN_RANGE_LOOP_ANALYSIS = YES;
				CLANG_WARN_STRICT_PROTOTYPES = YES;
				CLANG_WARN_SUSPICIOUS_MOVE = YES;
				CLANG_WARN_UNGUARDED_AVAILABILITY = YES_AGGRESSIVE;
				CLANG_WARN_UNREACHABLE_CODE = YES;
				CLANG_WARN__DUPLICATE_METHOD_MATCH = YES;
				COPY_PHASE_STRIP = NO;
				DEBUG_INFORMATION_FORMAT = dwarf;
				ENABLE_STRICT_OBJC_MSGSEND = YES;
				ENABLE_TESTABILITY = YES;
				GCC_C_LANGUAGE_STANDARD = gnu11;
				GCC_DYNAMIC_NO_PIC = NO;
				GCC_NO_COMMON_BLOCKS = YES;
				GCC_OPTIMIZATION_LEVEL = 0;
				GCC_PREPROCESSOR_DEFINITIONS = (
					"DEBUG=1",
					"$(inherited)",
				);
				GCC_WARN_64_TO_32_BIT_CONVERSION = YES;
				GCC_WARN_ABOUT_RETURN_TYPE = YES_ERROR;
				GCC_WARN_UNDECLARED_SELECTOR = YES;
				GCC_WARN_UNINITIALIZED_AUTOS = YES_AGGRESSIVE;
				GCC_WARN_UNUSED_FUNCTION = YES;
				GCC_WARN_UNUSED_VARIABLE = YES;
				IPHONEOS_DEPLOYMENT_TARGET = 13.2;
				MTL_ENABLE_DEBUG_INFO = INCLUDE_SOURCE;
				MTL_FAST_MATH = YES;
				ONLY_ACTIVE_ARCH = YES;
				SDKROOT = iphoneos;
				SWIFT_ACTIVE_COMPILATION_CONDITIONS = DEBUG;
				SWIFT_OPTIMIZATION_LEVEL = "-Onone";
			};
			name = Debug;
		};
		DC4C6D67249A43C2002FD20A /* Release */ = {
			isa = XCBuildConfiguration;
			buildSettings = {
				ALWAYS_SEARCH_USER_PATHS = NO;
				CLANG_ANALYZER_NONNULL = YES;
				CLANG_ANALYZER_NUMBER_OBJECT_CONVERSION = YES_AGGRESSIVE;
				CLANG_CXX_LANGUAGE_STANDARD = "gnu++14";
				CLANG_CXX_LIBRARY = "libc++";
				CLANG_ENABLE_MODULES = YES;
				CLANG_ENABLE_OBJC_ARC = YES;
				CLANG_ENABLE_OBJC_WEAK = YES;
				CLANG_WARN_BLOCK_CAPTURE_AUTORELEASING = YES;
				CLANG_WARN_BOOL_CONVERSION = YES;
				CLANG_WARN_COMMA = YES;
				CLANG_WARN_CONSTANT_CONVERSION = YES;
				CLANG_WARN_DEPRECATED_OBJC_IMPLEMENTATIONS = YES;
				CLANG_WARN_DIRECT_OBJC_ISA_USAGE = YES_ERROR;
				CLANG_WARN_DOCUMENTATION_COMMENTS = YES;
				CLANG_WARN_EMPTY_BODY = YES;
				CLANG_WARN_ENUM_CONVERSION = YES;
				CLANG_WARN_INFINITE_RECURSION = YES;
				CLANG_WARN_INT_CONVERSION = YES;
				CLANG_WARN_NON_LITERAL_NULL_CONVERSION = YES;
				CLANG_WARN_OBJC_IMPLICIT_RETAIN_SELF = YES;
				CLANG_WARN_OBJC_LITERAL_CONVERSION = YES;
				CLANG_WARN_OBJC_ROOT_CLASS = YES_ERROR;
				CLANG_WARN_RANGE_LOOP_ANALYSIS = YES;
				CLANG_WARN_STRICT_PROTOTYPES = YES;
				CLANG_WARN_SUSPICIOUS_MOVE = YES;
				CLANG_WARN_UNGUARDED_AVAILABILITY = YES_AGGRESSIVE;
				CLANG_WARN_UNREACHABLE_CODE = YES;
				CLANG_WARN__DUPLICATE_METHOD_MATCH = YES;
				COPY_PHASE_STRIP = NO;
				DEBUG_INFORMATION_FORMAT = "dwarf-with-dsym";
				ENABLE_NS_ASSERTIONS = NO;
				ENABLE_STRICT_OBJC_MSGSEND = YES;
				GCC_C_LANGUAGE_STANDARD = gnu11;
				GCC_NO_COMMON_BLOCKS = YES;
				GCC_WARN_64_TO_32_BIT_CONVERSION = YES;
				GCC_WARN_ABOUT_RETURN_TYPE = YES_ERROR;
				GCC_WARN_UNDECLARED_SELECTOR = YES;
				GCC_WARN_UNINITIALIZED_AUTOS = YES_AGGRESSIVE;
				GCC_WARN_UNUSED_FUNCTION = YES;
				GCC_WARN_UNUSED_VARIABLE = YES;
				IPHONEOS_DEPLOYMENT_TARGET = 13.2;
				MTL_ENABLE_DEBUG_INFO = NO;
				MTL_FAST_MATH = YES;
				SDKROOT = iphoneos;
				SWIFT_COMPILATION_MODE = wholemodule;
				SWIFT_OPTIMIZATION_LEVEL = "-O";
				VALIDATE_PRODUCT = YES;
			};
			name = Release;
		};
		DC4C6D69249A43C2002FD20A /* Debug */ = {
			isa = XCBuildConfiguration;
			buildSettings = {
				ASSETCATALOG_COMPILER_APPICON_NAME = AppIcon;
				CODE_SIGN_STYLE = Automatic;
				DEVELOPMENT_TEAM = 6UG5D73DV5;
				INFOPLIST_FILE = Demo_QRCode_Scanner/Info.plist;
				LD_RUNPATH_SEARCH_PATHS = (
					"$(inherited)",
					"@executable_path/Frameworks",
				);
				PRODUCT_BUNDLE_IDENTIFIER = "com.saurabh.Demo-QRCode-Scanner";
				PRODUCT_NAME = "$(TARGET_NAME)";
				SWIFT_VERSION = 5.0;
				TARGETED_DEVICE_FAMILY = "1,2";
			};
			name = Debug;
		};
		DC4C6D6A249A43C2002FD20A /* Release */ = {
			isa = XCBuildConfiguration;
			buildSettings = {
				ASSETCATALOG_COMPILER_APPICON_NAME = AppIcon;
				CODE_SIGN_STYLE = Automatic;
				DEVELOPMENT_TEAM = 6UG5D73DV5;
				INFOPLIST_FILE = Demo_QRCode_Scanner/Info.plist;
				LD_RUNPATH_SEARCH_PATHS = (
					"$(inherited)",
					"@executable_path/Frameworks",
				);
				PRODUCT_BUNDLE_IDENTIFIER = "com.saurabh.Demo-QRCode-Scanner";
				PRODUCT_NAME = "$(TARGET_NAME)";
				SWIFT_VERSION = 5.0;
				TARGETED_DEVICE_FAMILY = "1,2";
			};
			name = Release;
		};
/* End XCBuildConfiguration section */

/* Begin XCConfigurationList section */
		DC4C6D4F249A43C0002FD20A /* Build configuration list for PBXProject "Demo_QRCode_Scanner" */ = {
			isa = XCConfigurationList;
			buildConfigurations = (
				DC4C6D66249A43C2002FD20A /* Debug */,
				DC4C6D67249A43C2002FD20A /* Release */,
			);
			defaultConfigurationIsVisible = 0;
			defaultConfigurationName = Release;
		};
		DC4C6D68249A43C2002FD20A /* Build configuration list for PBXNativeTarget "Demo_QRCode_Scanner" */ = {
			isa = XCConfigurationList;
			buildConfigurations = (
				DC4C6D69249A43C2002FD20A /* Debug */,
				DC4C6D6A249A43C2002FD20A /* Release */,
			);
			defaultConfigurationIsVisible = 0;
			defaultConfigurationName = Release;
		};
/* End XCConfigurationList section */
	};
	rootObject = DC4C6D4C249A43C0002FD20A /* Project object */;
}
